
Microsoft Visual Studio Solution File, Format Version 12.00
# Visual Studio Version 17
VisualStudioVersion = 17.6.33829.357
MinimumVisualStudioVersion = 10.0.40219.1
Project("{FAE04EC0-301F-11D3-BF4B-00C04F79EFBC}") = "460-LFUCache", "460-LFUCache.csproj", "{1034B40A-71F7-449A-ABED-6673446D43D7}"
EndProject
Global
	GlobalSection(SolutionConfigurationPlatforms) = preSolution
		Debug|Any CPU = Debug|Any CPU
		Release|Any CPU = Release|Any CPU
	EndGlobalSection
	GlobalSection(ProjectConfigurationPlatforms) = postSolution
		{1034B40A-71F7-449A-ABED-6673446D43D7}.Debug|Any CPU.ActiveCfg = Debug|Any CPU
		{1034B40A-71F7-449A-ABED-6673446D43D7}.Debug|Any CPU.Build.0 = Debug|Any CPU
		{1034B40A-71F7-449A-ABED-6673446D43D7}.Release|Any CPU.ActiveCfg = Release|Any CPU
		{1034B40A-71F7-449A-ABED-6673446D43D7}.Release|Any CPU.Build.0 = Release|Any CPU
	EndGlobalSection
	GlobalSection(SolutionProperties) = preSolution
		HideSolutionNode = FALSE
	EndGlobalSection
	GlobalSection(ExtensibilityGlobals) = postSolution
		SolutionGuid = {01647347-B4C9-4A51-903A-0B9BC105746A}
	EndGlobalSection
EndGlobal
