
Microsoft Visual Studio Solution File, Format Version 12.00
# Visual Studio Version 17
VisualStudioVersion = 17.5.33414.496
MinimumVisualStudioVersion = 10.0.40219.1
Project("{FAE04EC0-301F-11D3-BF4B-00C04F79EFBC}") = "FindTheOddNumber", "FindTheOddNumber.csproj", "{0A3238A4-2642-493B-9F7E-7D4A4136DF17}"
EndProject
Global
	GlobalSection(SolutionConfigurationPlatforms) = preSolution
		Debug|Any CPU = Debug|Any CPU
		Release|Any CPU = Release|Any CPU
	EndGlobalSection
	GlobalSection(ProjectConfigurationPlatforms) = postSolution
		{0A3238A4-2642-493B-9F7E-7D4A4136DF17}.Debug|Any CPU.ActiveCfg = Debug|Any CPU
		{0A3238A4-2642-493B-9F7E-7D4A4136DF17}.Debug|Any CPU.Build.0 = Debug|Any CPU
		{0A3238A4-2642-493B-9F7E-7D4A4136DF17}.Release|Any CPU.ActiveCfg = Release|Any CPU
		{0A3238A4-2642-493B-9F7E-7D4A4136DF17}.Release|Any CPU.Build.0 = Release|Any CPU
	EndGlobalSection
	GlobalSection(SolutionProperties) = preSolution
		HideSolutionNode = FALSE
	EndGlobalSection
	GlobalSection(ExtensibilityGlobals) = postSolution
		SolutionGuid = {CEE69501-0A32-4625-AC8D-E4CC24C53A6A}
	EndGlobalSection
EndGlobal
