
Microsoft Visual Studio Solution File, Format Version 12.00
# Visual Studio Version 17
VisualStudioVersion = 17.5.33414.496
MinimumVisualStudioVersion = 10.0.40219.1
Project("{FAE04EC0-301F-11D3-BF4B-00C04F79EFBC}") = "GenomicRangeQuery", "GenomicRangeQuery.csproj", "{DA804B0F-717E-4F11-8D72-154BCED60206}"
EndProject
Global
	GlobalSection(SolutionConfigurationPlatforms) = preSolution
		Debug|Any CPU = Debug|Any CPU
		Release|Any CPU = Release|Any CPU
	EndGlobalSection
	GlobalSection(ProjectConfigurationPlatforms) = postSolution
		{DA804B0F-717E-4F11-8D72-154BCED60206}.Debug|Any CPU.ActiveCfg = Debug|Any CPU
		{DA804B0F-717E-4F11-8D72-154BCED60206}.Debug|Any CPU.Build.0 = Debug|Any CPU
		{DA804B0F-717E-4F11-8D72-154BCED60206}.Release|Any CPU.ActiveCfg = Release|Any CPU
		{DA804B0F-717E-4F11-8D72-154BCED60206}.Release|Any CPU.Build.0 = Release|Any CPU
	EndGlobalSection
	GlobalSection(SolutionProperties) = preSolution
		HideSolutionNode = FALSE
	EndGlobalSection
	GlobalSection(ExtensibilityGlobals) = postSolution
		SolutionGuid = {1711BF4D-486A-44C9-BDD0-802911D0315E}
	EndGlobalSection
EndGlobal
