
Microsoft Visual Studio Solution File, Format Version 12.00
# Visual Studio Version 17
VisualStudioVersion = 17.5.33414.496
MinimumVisualStudioVersion = 10.0.40219.1
Project("{F2A71F9B-5D33-465A-A702-920D77279786}") = "Fibonacci", "Fibonacci.fsproj", "{4F3AF4B5-8B46-4D38-A9F9-75F0C189EDD6}"
EndProject
Global
	GlobalSection(SolutionConfigurationPlatforms) = preSolution
		Debug|Any CPU = Debug|Any CPU
		Release|Any CPU = Release|Any CPU
	EndGlobalSection
	GlobalSection(ProjectConfigurationPlatforms) = postSolution
		{4F3AF4B5-8B46-4D38-A9F9-75F0C189EDD6}.Debug|Any CPU.ActiveCfg = Debug|Any CPU
		{4F3AF4B5-8B46-4D38-A9F9-75F0C189EDD6}.Debug|Any CPU.Build.0 = Debug|Any CPU
		{4F3AF4B5-8B46-4D38-A9F9-75F0C189EDD6}.Release|Any CPU.ActiveCfg = Release|Any CPU
		{4F3AF4B5-8B46-4D38-A9F9-75F0C189EDD6}.Release|Any CPU.Build.0 = Release|Any CPU
	EndGlobalSection
	GlobalSection(SolutionProperties) = preSolution
		HideSolutionNode = FALSE
	EndGlobalSection
	GlobalSection(ExtensibilityGlobals) = postSolution
		SolutionGuid = {30293A61-DEFA-4A9D-A608-C2DAE95C6D84}
	EndGlobalSection
EndGlobal
