
Microsoft Visual Studio Solution File, Format Version 12.00
# Visual Studio Version 17
VisualStudioVersion = 17.5.33414.496
MinimumVisualStudioVersion = 10.0.40219.1
Project("{FAE04EC0-301F-11D3-BF4B-00C04F79EFBC}") = "MaxSliceSum", "MaxSliceSum.csproj", "{B6CA4902-8261-4B4D-8F21-F3106B2613A7}"
EndProject
Global
	GlobalSection(SolutionConfigurationPlatforms) = preSolution
		Debug|Any CPU = Debug|Any CPU
		Release|Any CPU = Release|Any CPU
	EndGlobalSection
	GlobalSection(ProjectConfigurationPlatforms) = postSolution
		{B6CA4902-8261-4B4D-8F21-F3106B2613A7}.Debug|Any CPU.ActiveCfg = Debug|Any CPU
		{B6CA4902-8261-4B4D-8F21-F3106B2613A7}.Debug|Any CPU.Build.0 = Debug|Any CPU
		{B6CA4902-8261-4B4D-8F21-F3106B2613A7}.Release|Any CPU.ActiveCfg = Release|Any CPU
		{B6CA4902-8261-4B4D-8F21-F3106B2613A7}.Release|Any CPU.Build.0 = Release|Any CPU
	EndGlobalSection
	GlobalSection(SolutionProperties) = preSolution
		HideSolutionNode = FALSE
	EndGlobalSection
	GlobalSection(ExtensibilityGlobals) = postSolution
		SolutionGuid = {8524EB26-FF90-4A05-B859-6CDF36EA9144}
	EndGlobalSection
EndGlobal
