
Microsoft Visual Studio Solution File, Format Version 12.00
# Visual Studio Version 17
VisualStudioVersion = 17.5.33414.496
MinimumVisualStudioVersion = 10.0.40219.1
Project("{FAE04EC0-301F-11D3-BF4B-00C04F79EFBC}") = "CountFactors", "CountFactors.csproj", "{F30B7CEB-1100-410B-983B-FA5D4465549A}"
EndProject
Global
	GlobalSection(SolutionConfigurationPlatforms) = preSolution
		Debug|Any CPU = Debug|Any CPU
		Release|Any CPU = Release|Any CPU
	EndGlobalSection
	GlobalSection(ProjectConfigurationPlatforms) = postSolution
		{F30B7CEB-1100-410B-983B-FA5D4465549A}.Debug|Any CPU.ActiveCfg = Debug|Any CPU
		{F30B7CEB-1100-410B-983B-FA5D4465549A}.Debug|Any CPU.Build.0 = Debug|Any CPU
		{F30B7CEB-1100-410B-983B-FA5D4465549A}.Release|Any CPU.ActiveCfg = Release|Any CPU
		{F30B7CEB-1100-410B-983B-FA5D4465549A}.Release|Any CPU.Build.0 = Release|Any CPU
	EndGlobalSection
	GlobalSection(SolutionProperties) = preSolution
		HideSolutionNode = FALSE
	EndGlobalSection
	GlobalSection(ExtensibilityGlobals) = postSolution
		SolutionGuid = {0EE2ABE7-0A61-4306-82CE-52A14EBF9F7D}
	EndGlobalSection
EndGlobal
