
Microsoft Visual Studio Solution File, Format Version 12.00
# Visual Studio Version 17
VisualStudioVersion = 17.5.33414.496
MinimumVisualStudioVersion = 10.0.40219.1
Project("{FAE04EC0-301F-11D3-BF4B-00C04F79EFBC}") = "OddOccurencesInArray", "OddOccurencesInArray.csproj", "{3F2A63C7-9F60-4EFD-A30D-1D46B957488A}"
EndProject
Global
	GlobalSection(SolutionConfigurationPlatforms) = preSolution
		Debug|Any CPU = Debug|Any CPU
		Release|Any CPU = Release|Any CPU
	EndGlobalSection
	GlobalSection(ProjectConfigurationPlatforms) = postSolution
		{3F2A63C7-9F60-4EFD-A30D-1D46B957488A}.Debug|Any CPU.ActiveCfg = Debug|Any CPU
		{3F2A63C7-9F60-4EFD-A30D-1D46B957488A}.Debug|Any CPU.Build.0 = Debug|Any CPU
		{3F2A63C7-9F60-4EFD-A30D-1D46B957488A}.Release|Any CPU.ActiveCfg = Release|Any CPU
		{3F2A63C7-9F60-4EFD-A30D-1D46B957488A}.Release|Any CPU.Build.0 = Release|Any CPU
	EndGlobalSection
	GlobalSection(SolutionProperties) = preSolution
		HideSolutionNode = FALSE
	EndGlobalSection
	GlobalSection(ExtensibilityGlobals) = postSolution
		SolutionGuid = {4FC9DCF1-076F-4BFF-A689-835C09B0635A}
	EndGlobalSection
EndGlobal
