
Microsoft Visual Studio Solution File, Format Version 12.00
# Visual Studio Version 17
VisualStudioVersion = 17.5.33414.496
MinimumVisualStudioVersion = 10.0.40219.1
Project("{FAE04EC0-301F-11D3-BF4B-00C04F79EFBC}") = "PermCheck", "PermCheck.csproj", "{7E343E03-A024-4F52-8BF6-4513C0B05AFF}"
EndProject
Global
	GlobalSection(SolutionConfigurationPlatforms) = preSolution
		Debug|Any CPU = Debug|Any CPU
		Release|Any CPU = Release|Any CPU
	EndGlobalSection
	GlobalSection(ProjectConfigurationPlatforms) = postSolution
		{7E343E03-A024-4F52-8BF6-4513C0B05AFF}.Debug|Any CPU.ActiveCfg = Debug|Any CPU
		{7E343E03-A024-4F52-8BF6-4513C0B05AFF}.Debug|Any CPU.Build.0 = Debug|Any CPU
		{7E343E03-A024-4F52-8BF6-4513C0B05AFF}.Release|Any CPU.ActiveCfg = Release|Any CPU
		{7E343E03-A024-4F52-8BF6-4513C0B05AFF}.Release|Any CPU.Build.0 = Release|Any CPU
	EndGlobalSection
	GlobalSection(SolutionProperties) = preSolution
		HideSolutionNode = FALSE
	EndGlobalSection
	GlobalSection(ExtensibilityGlobals) = postSolution
		SolutionGuid = {E22A3596-D5A9-4FE4-977E-B9F29F002EE9}
	EndGlobalSection
EndGlobal
